// !$*UTF8*$!
{
	archiveVersion = 1;
	classes = {
	};
	objectVersion = 55;
	objects = {

/* Begin PBXBuildFile section */
		6460DA4929AD13EB00B59C64 /* AppDelegate.swift in Sources */ = {isa = PBXBuildFile; fileRef = 6460DA4829AD13EB00B59C64 /* AppDelegate.swift */; };
		6460DA4B29AD13EB00B59C64 /* SceneDelegate.swift in Sources */ = {isa = PBXBuildFile; fileRef = 6460DA4A29AD13EB00B59C64 /* SceneDelegate.swift */; };
		6460DA4D29AD13EB00B59C64 /* LoginViewController.swift in Sources */ = {isa = PBXBuildFile; fileRef = 6460DA4C29AD13EB00B59C64 /* LoginViewController.swift */; };
		6460DA5229AD13F400B59C64 /* Assets.xcassets in Resources */ = {isa = PBXBuildFile; fileRef = 6460DA5129AD13F400B59C64 /* Assets.xcassets */; };
		6460DA5529AD13F400B59C64 /* LaunchScreen.storyboard in Resources */ = {isa = PBXBuildFile; fileRef = 6460DA5329AD13F400B59C64 /* LaunchScreen.storyboard */; };
		6460DA5E29AD1A5000B59C64 /* SnapKit in Frameworks */ = {isa = PBXBuildFile; productRef = 6460DA5D29AD1A5000B59C64 /* SnapKit */; };
		6460DA6129AD1AFB00B59C64 /* Alamofire in Frameworks */ = {isa = PBXBuildFile; productRef = 6460DA6029AD1AFB00B59C64 /* Alamofire */; };
		64F6290929B3AFB3002CFAA7 /* LoginViewModel.swift in Sources */ = {isa = PBXBuildFile; fileRef = 64F6290829B3AFB3002CFAA7 /* LoginViewModel.swift */; };
		64F6290B29B3AFF8002CFAA7 /* LoginModel.swift in Sources */ = {isa = PBXBuildFile; fileRef = 64F6290A29B3AFF8002CFAA7 /* LoginModel.swift */; };
		64F6292029B4DB24002CFAA7 /* RxCocoa in Frameworks */ = {isa = PBXBuildFile; productRef = 64F6291F29B4DB24002CFAA7 /* RxCocoa */; };
		64F6292229B4DB24002CFAA7 /* RxRelay in Frameworks */ = {isa = PBXBuildFile; productRef = 64F6292129B4DB24002CFAA7 /* RxRelay */; };
		64F6292429B4DB24002CFAA7 /* RxSwift in Frameworks */ = {isa = PBXBuildFile; productRef = 64F6292329B4DB24002CFAA7 /* RxSwift */; };
/* End PBXBuildFile section */

/* Begin PBXFileReference section */
		6460DA4529AD13EB00B59C64 /* RSUE.app */ = {isa = PBXFileReference; explicitFileType = wrapper.application; includeInIndex = 0; path = RSUE.app; sourceTree = BUILT_PRODUCTS_DIR; };
		6460DA4829AD13EB00B59C64 /* AppDelegate.swift */ = {isa = PBXFileReference; lastKnownFileType = sourcecode.swift; path = AppDelegate.swift; sourceTree = "<group>"; };
		6460DA4A29AD13EB00B59C64 /* SceneDelegate.swift */ = {isa = PBXFileReference; lastKnownFileType = sourcecode.swift; path = SceneDelegate.swift; sourceTree = "<group>"; };
		6460DA4C29AD13EB00B59C64 /* LoginViewController.swift */ = {isa = PBXFileReference; lastKnownFileType = sourcecode.swift; path = LoginViewController.swift; sourceTree = "<group>"; };
		6460DA5129AD13F400B59C64 /* Assets.xcassets */ = {isa = PBXFileReference; lastKnownFileType = folder.assetcatalog; path = Assets.xcassets; sourceTree = "<group>"; };
		6460DA5429AD13F400B59C64 /* Base */ = {isa = PBXFileReference; lastKnownFileType = file.storyboard; name = Base; path = Base.lproj/LaunchScreen.storyboard; sourceTree = "<group>"; };
		6460DA5629AD13F400B59C64 /* Info.plist */ = {isa = PBXFileReference; lastKnownFileType = text.plist.xml; path = Info.plist; sourceTree = "<group>"; };
		64F6290829B3AFB3002CFAA7 /* LoginViewModel.swift */ = {isa = PBXFileReference; lastKnownFileType = sourcecode.swift; path = LoginViewModel.swift; sourceTree = "<group>"; };
		64F6290A29B3AFF8002CFAA7 /* LoginModel.swift */ = {isa = PBXFileReference; lastKnownFileType = sourcecode.swift; path = LoginModel.swift; sourceTree = "<group>"; };
/* End PBXFileReference section */

/* Begin PBXFrameworksBuildPhase section */
		6460DA4229AD13EA00B59C64 /* Frameworks */ = {
			isa = PBXFrameworksBuildPhase;
			buildActionMask = 2147483647;
			files = (
				64F6292029B4DB24002CFAA7 /* RxCocoa in Frameworks */,
				6460DA5E29AD1A5000B59C64 /* SnapKit in Frameworks */,
				64F6292429B4DB24002CFAA7 /* RxSwift in Frameworks */,
				64F6292229B4DB24002CFAA7 /* RxRelay in Frameworks */,
				6460DA6129AD1AFB00B59C64 /* Alamofire in Frameworks */,
			);
			runOnlyForDeploymentPostprocessing = 0;
		};
/* End PBXFrameworksBuildPhase section */

/* Begin PBXGroup section */
		6460DA3C29AD13EA00B59C64 = {
			isa = PBXGroup;
			children = (
				6460DA4729AD13EB00B59C64 /* RSUE */,
				6460DA4629AD13EB00B59C64 /* Products */,
			);
			sourceTree = "<group>";
		};
		6460DA4629AD13EB00B59C64 /* Products */ = {
			isa = PBXGroup;
			children = (
				6460DA4529AD13EB00B59C64 /* RSUE.app */,
			);
			name = Products;
			sourceTree = "<group>";
		};
		6460DA4729AD13EB00B59C64 /* RSUE */ = {
			isa = PBXGroup;
			children = (
				6460DA6529AD1E9500B59C64 /* Sources */,
				6460DA6629AD1E9E00B59C64 /* Resources */,
			);
			path = RSUE;
			sourceTree = "<group>";
		};
		6460DA6529AD1E9500B59C64 /* Sources */ = {
			isa = PBXGroup;
			children = (
				6460DA6729AD1EAD00B59C64 /* Application */,
				64D78C9E29ADFCA900E34C6F /* Extensions */,
				64D78C9C29ADFC8F00E34C6F /* Services */,
				64D78C9D29ADFC9700E34C6F /* Scenes */,
			);
			path = Sources;
			sourceTree = "<group>";
		};
		6460DA6629AD1E9E00B59C64 /* Resources */ = {
			isa = PBXGroup;
			children = (
				6460DA5629AD13F400B59C64 /* Info.plist */,
				6460DA5129AD13F400B59C64 /* Assets.xcassets */,
				6460DA5329AD13F400B59C64 /* LaunchScreen.storyboard */,
			);
			path = Resources;
			sourceTree = "<group>";
		};
		6460DA6729AD1EAD00B59C64 /* Application */ = {
			isa = PBXGroup;
			children = (
				6460DA4829AD13EB00B59C64 /* AppDelegate.swift */,
				6460DA4A29AD13EB00B59C64 /* SceneDelegate.swift */,
			);
			path = Application;
			sourceTree = "<group>";
		};
		64D78C9C29ADFC8F00E34C6F /* Services */ = {
			isa = PBXGroup;
			children = (
			);
			path = Services;
			sourceTree = "<group>";
		};
		64D78C9D29ADFC9700E34C6F /* Scenes */ = {
			isa = PBXGroup;
			children = (
				64D78C9F29ADFCC000E34C6F /* Login */,
				64D78CA029ADFCC800E34C6F /* Main */,
			);
			path = Scenes;
			sourceTree = "<group>";
		};
		64D78C9E29ADFCA900E34C6F /* Extensions */ = {
			isa = PBXGroup;
			children = (
			);
			path = Extensions;
			sourceTree = "<group>";
		};
		64D78C9F29ADFCC000E34C6F /* Login */ = {
			isa = PBXGroup;
			children = (
				64F6290529B3AECE002CFAA7 /* Model */,
				64F6290629B3AEDF002CFAA7 /* ViewModel */,
				64F6290729B3AEE9002CFAA7 /* View */,
			);
			path = Login;
			sourceTree = "<group>";
		};
		64D78CA029ADFCC800E34C6F /* Main */ = {
			isa = PBXGroup;
			children = (
				64F6290C29B3B0F8002CFAA7 /* Portfolio */,
				64F6291A29B3B22B002CFAA7 /* Schedule */,
				64F6290D29B3B10B002CFAA7 /* Settings */,
			);
			path = Main;
			sourceTree = "<group>";
		};
		64F6290529B3AECE002CFAA7 /* Model */ = {
			isa = PBXGroup;
			children = (
				64F6290A29B3AFF8002CFAA7 /* LoginModel.swift */,
			);
			path = Model;
			sourceTree = "<group>";
		};
		64F6290629B3AEDF002CFAA7 /* ViewModel */ = {
			isa = PBXGroup;
			children = (
				64F6290829B3AFB3002CFAA7 /* LoginViewModel.swift */,
			);
			path = ViewModel;
			sourceTree = "<group>";
		};
		64F6290729B3AEE9002CFAA7 /* View */ = {
			isa = PBXGroup;
			children = (
				6460DA4C29AD13EB00B59C64 /* LoginViewController.swift */,
			);
			path = View;
			sourceTree = "<group>";
		};
		64F6290C29B3B0F8002CFAA7 /* Portfolio */ = {
			isa = PBXGroup;
			children = (
				64F6291029B3B14C002CFAA7 /* Model */,
				64F6291329B3B162002CFAA7 /* ViewModel */,
				64F6291229B3B158002CFAA7 /* View */,
			);
			path = Portfolio;
			sourceTree = "<group>";
		};
		64F6290D29B3B10B002CFAA7 /* Settings */ = {
			isa = PBXGroup;
			children = (
				64F6291129B3B152002CFAA7 /* Model */,
				64F6291729B3B17D002CFAA7 /* ViewModel */,
				64F6291529B3B171002CFAA7 /* View */,
			);
			path = Settings;
			sourceTree = "<group>";
		};
		64F6291029B3B14C002CFAA7 /* Model */ = {
			isa = PBXGroup;
			children = (
			);
			path = Model;
			sourceTree = "<group>";
		};
		64F6291129B3B152002CFAA7 /* Model */ = {
			isa = PBXGroup;
			children = (
			);
			path = Model;
			sourceTree = "<group>";
		};
		64F6291229B3B158002CFAA7 /* View */ = {
			isa = PBXGroup;
			children = (
			);
			path = View;
			sourceTree = "<group>";
		};
		64F6291329B3B162002CFAA7 /* ViewModel */ = {
			isa = PBXGroup;
			children = (
			);
			path = ViewModel;
			sourceTree = "<group>";
		};
		64F6291529B3B171002CFAA7 /* View */ = {
			isa = PBXGroup;
			children = (
			);
			path = View;
			sourceTree = "<group>";
		};
		64F6291729B3B17D002CFAA7 /* ViewModel */ = {
			isa = PBXGroup;
			children = (
			);
			path = ViewModel;
			sourceTree = "<group>";
		};
		64F6291A29B3B22B002CFAA7 /* Schedule */ = {
			isa = PBXGroup;
			children = (
				64F6291D29B3B243002CFAA7 /* Model */,
				64F6291C29B3B237002CFAA7 /* ViewModel */,
				64F6291B29B3B230002CFAA7 /* View */,
			);
			path = Schedule;
			sourceTree = "<group>";
		};
		64F6291B29B3B230002CFAA7 /* View */ = {
			isa = PBXGroup;
			children = (
			);
			path = View;
			sourceTree = "<group>";
		};
		64F6291C29B3B237002CFAA7 /* ViewModel */ = {
			isa = PBXGroup;
			children = (
			);
			path = ViewModel;
			sourceTree = "<group>";
		};
		64F6291D29B3B243002CFAA7 /* Model */ = {
			isa = PBXGroup;
			children = (
			);
			path = Model;
			sourceTree = "<group>";
		};
/* End PBXGroup section */

/* Begin PBXNativeTarget section */
		6460DA4429AD13EA00B59C64 /* RSUE */ = {
			isa = PBXNativeTarget;
			buildConfigurationList = 6460DA5929AD13F400B59C64 /* Build configuration list for PBXNativeTarget "RSUE" */;
			buildPhases = (
				6460DA4129AD13EA00B59C64 /* Sources */,
				6460DA4229AD13EA00B59C64 /* Frameworks */,
				6460DA4329AD13EA00B59C64 /* Resources */,
			);
			buildRules = (
			);
			dependencies = (
			);
			name = RSUE;
			packageProductDependencies = (
				6460DA5D29AD1A5000B59C64 /* SnapKit */,
				6460DA6029AD1AFB00B59C64 /* Alamofire */,
				64F6291F29B4DB24002CFAA7 /* RxCocoa */,
				64F6292129B4DB24002CFAA7 /* RxRelay */,
				64F6292329B4DB24002CFAA7 /* RxSwift */,
			);
			productName = RSUE;
			productReference = 6460DA4529AD13EB00B59C64 /* RSUE.app */;
			productType = "com.apple.product-type.application";
		};
/* End PBXNativeTarget section */

/* Begin PBXProject section */
		6460DA3D29AD13EA00B59C64 /* Project object */ = {
			isa = PBXProject;
			attributes = {
				BuildIndependentTargetsInParallel = 1;
				LastSwiftUpdateCheck = 1320;
				LastUpgradeCheck = 1320;
				TargetAttributes = {
					6460DA4429AD13EA00B59C64 = {
						CreatedOnToolsVersion = 13.2.1;
					};
				};
			};
			buildConfigurationList = 6460DA4029AD13EA00B59C64 /* Build configuration list for PBXProject "RSUE" */;
			compatibilityVersion = "Xcode 13.0";
			developmentRegion = en;
			hasScannedForEncodings = 0;
			knownRegions = (
				en,
				Base,
			);
			mainGroup = 6460DA3C29AD13EA00B59C64;
			packageReferences = (
				6460DA5C29AD1A5000B59C64 /* XCRemoteSwiftPackageReference "SnapKit" */,
				6460DA5F29AD1AFB00B59C64 /* XCRemoteSwiftPackageReference "Alamofire" */,
				64F6291E29B4DB24002CFAA7 /* XCRemoteSwiftPackageReference "RxSwift" */,
			);
			productRefGroup = 6460DA4629AD13EB00B59C64 /* Products */;
			projectDirPath = "";
			projectRoot = "";
			targets = (
				6460DA4429AD13EA00B59C64 /* RSUE */,
			);
		};
/* End PBXProject section */

/* Begin PBXResourcesBuildPhase section */
		6460DA4329AD13EA00B59C64 /* Resources */ = {
			isa = PBXResourcesBuildPhase;
			buildActionMask = 2147483647;
			files = (
				6460DA5529AD13F400B59C64 /* LaunchScreen.storyboard in Resources */,
				6460DA5229AD13F400B59C64 /* Assets.xcassets in Resources */,
			);
			runOnlyForDeploymentPostprocessing = 0;
		};
/* End PBXResourcesBuildPhase section */

/* Begin PBXSourcesBuildPhase section */
		6460DA4129AD13EA00B59C64 /* Sources */ = {
			isa = PBXSourcesBuildPhase;
			buildActionMask = 2147483647;
			files = (
				64F6290B29B3AFF8002CFAA7 /* LoginModel.swift in Sources */,
				64F6290929B3AFB3002CFAA7 /* LoginViewModel.swift in Sources */,
				6460DA4D29AD13EB00B59C64 /* LoginViewController.swift in Sources */,
				6460DA4929AD13EB00B59C64 /* AppDelegate.swift in Sources */,
				6460DA4B29AD13EB00B59C64 /* SceneDelegate.swift in Sources */,
			);
			runOnlyForDeploymentPostprocessing = 0;
		};
/* End PBXSourcesBuildPhase section */

/* Begin PBXVariantGroup section */
		6460DA5329AD13F400B59C64 /* LaunchScreen.storyboard */ = {
			isa = PBXVariantGroup;
			children = (
				6460DA5429AD13F400B59C64 /* Base */,
			);
			name = LaunchScreen.storyboard;
			sourceTree = "<group>";
		};
/* End PBXVariantGroup section */

/* Begin XCBuildConfiguration section */
		6460DA5729AD13F400B59C64 /* Debug */ = {
			isa = XCBuildConfiguration;
			buildSettings = {
				ALWAYS_SEARCH_USER_PATHS = NO;
				CLANG_ANALYZER_NONNULL = YES;
				CLANG_ANALYZER_NUMBER_OBJECT_CONVERSION = YES_AGGRESSIVE;
				CLANG_CXX_LANGUAGE_STANDARD = "gnu++17";
				CLANG_CXX_LIBRARY = "libc++";
				CLANG_ENABLE_MODULES = YES;
				CLANG_ENABLE_OBJC_ARC = YES;
				CLANG_ENABLE_OBJC_WEAK = YES;
				CLANG_WARN_BLOCK_CAPTURE_AUTORELEASING = YES;
				CLANG_WARN_BOOL_CONVERSION = YES;
				CLANG_WARN_COMMA = YES;
				CLANG_WARN_CONSTANT_CONVERSION = YES;
				CLANG_WARN_DEPRECATED_OBJC_IMPLEMENTATIONS = YES;
				CLANG_WARN_DIRECT_OBJC_ISA_USAGE = YES_ERROR;
				CLANG_WARN_DOCUMENTATION_COMMENTS = YES;
				CLANG_WARN_EMPTY_BODY = YES;
				CLANG_WARN_ENUM_CONVERSION = YES;
				CLANG_WARN_INFINITE_RECURSION = YES;
				CLANG_WARN_INT_CONVERSION = YES;
				CLANG_WARN_NON_LITERAL_NULL_CONVERSION = YES;
				CLANG_WARN_OBJC_IMPLICIT_RETAIN_SELF = YES;
				CLANG_WARN_OBJC_LITERAL_CONVERSION = YES;
				CLANG_WARN_OBJC_ROOT_CLASS = YES_ERROR;
				CLANG_WARN_QUOTED_INCLUDE_IN_FRAMEWORK_HEADER = YES;
				CLANG_WARN_RANGE_LOOP_ANALYSIS = YES;
				CLANG_WARN_STRICT_PROTOTYPES = YES;
				CLANG_WARN_SUSPICIOUS_MOVE = YES;
				CLANG_WARN_UNGUARDED_AVAILABILITY = YES_AGGRESSIVE;
				CLANG_WARN_UNREACHABLE_CODE = YES;
				CLANG_WARN__DUPLICATE_METHOD_MATCH = YES;
				COPY_PHASE_STRIP = NO;
				DEBUG_INFORMATION_FORMAT = dwarf;
				ENABLE_STRICT_OBJC_MSGSEND = YES;
				ENABLE_TESTABILITY = YES;
				GCC_C_LANGUAGE_STANDARD = gnu11;
				GCC_DYNAMIC_NO_PIC = NO;
				GCC_NO_COMMON_BLOCKS = YES;
				GCC_OPTIMIZATION_LEVEL = 0;
				GCC_PREPROCESSOR_DEFINITIONS = (
					"DEBUG=1",
					"$(inherited)",
				);
				GCC_WARN_64_TO_32_BIT_CONVERSION = YES;
				GCC_WARN_ABOUT_RETURN_TYPE = YES_ERROR;
				GCC_WARN_UNDECLARED_SELECTOR = YES;
				GCC_WARN_UNINITIALIZED_AUTOS = YES_AGGRESSIVE;
				GCC_WARN_UNUSED_FUNCTION = YES;
				GCC_WARN_UNUSED_VARIABLE = YES;
				IPHONEOS_DEPLOYMENT_TARGET = 13.0;
				MTL_ENABLE_DEBUG_INFO = INCLUDE_SOURCE;
				MTL_FAST_MATH = YES;
				ONLY_ACTIVE_ARCH = YES;
				SDKROOT = iphoneos;
				SWIFT_ACTIVE_COMPILATION_CONDITIONS = DEBUG;
				SWIFT_OPTIMIZATION_LEVEL = "-Onone";
			};
			name = Debug;
		};
		6460DA5829AD13F400B59C64 /* Release */ = {
			isa = XCBuildConfiguration;
			buildSettings = {
				ALWAYS_SEARCH_USER_PATHS = NO;
				CLANG_ANALYZER_NONNULL = YES;
				CLANG_ANALYZER_NUMBER_OBJECT_CONVERSION = YES_AGGRESSIVE;
				CLANG_CXX_LANGUAGE_STANDARD = "gnu++17";
				CLANG_CXX_LIBRARY = "libc++";
				CLANG_ENABLE_MODULES = YES;
				CLANG_ENABLE_OBJC_ARC = YES;
				CLANG_ENABLE_OBJC_WEAK = YES;
				CLANG_WARN_BLOCK_CAPTURE_AUTORELEASING = YES;
				CLANG_WARN_BOOL_CONVERSION = YES;
				CLANG_WARN_COMMA = YES;
				CLANG_WARN_CONSTANT_CONVERSION = YES;
				CLANG_WARN_DEPRECATED_OBJC_IMPLEMENTATIONS = YES;
				CLANG_WARN_DIRECT_OBJC_ISA_USAGE = YES_ERROR;
				CLANG_WARN_DOCUMENTATION_COMMENTS = YES;
				CLANG_WARN_EMPTY_BODY = YES;
				CLANG_WARN_ENUM_CONVERSION = YES;
				CLANG_WARN_INFINITE_RECURSION = YES;
				CLANG_WARN_INT_CONVERSION = YES;
				CLANG_WARN_NON_LITERAL_NULL_CONVERSION = YES;
				CLANG_WARN_OBJC_IMPLICIT_RETAIN_SELF = YES;
				CLANG_WARN_OBJC_LITERAL_CONVERSION = YES;
				CLANG_WARN_OBJC_ROOT_CLASS = YES_ERROR;
				CLANG_WARN_QUOTED_INCLUDE_IN_FRAMEWORK_HEADER = YES;
				CLANG_WARN_RANGE_LOOP_ANALYSIS = YES;
				CLANG_WARN_STRICT_PROTOTYPES = YES;
				CLANG_WARN_SUSPICIOUS_MOVE = YES;
				CLANG_WARN_UNGUARDED_AVAILABILITY = YES_AGGRESSIVE;
				CLANG_WARN_UNREACHABLE_CODE = YES;
				CLANG_WARN__DUPLICATE_METHOD_MATCH = YES;
				COPY_PHASE_STRIP = NO;
				DEBUG_INFORMATION_FORMAT = "dwarf-with-dsym";
				ENABLE_NS_ASSERTIONS = NO;
				ENABLE_STRICT_OBJC_MSGSEND = YES;
				GCC_C_LANGUAGE_STANDARD = gnu11;
				GCC_NO_COMMON_BLOCKS = YES;
				GCC_WARN_64_TO_32_BIT_CONVERSION = YES;
				GCC_WARN_ABOUT_RETURN_TYPE = YES_ERROR;
				GCC_WARN_UNDECLARED_SELECTOR = YES;
				GCC_WARN_UNINITIALIZED_AUTOS = YES_AGGRESSIVE;
				GCC_WARN_UNUSED_FUNCTION = YES;
				GCC_WARN_UNUSED_VARIABLE = YES;
				IPHONEOS_DEPLOYMENT_TARGET = 13.0;
				MTL_ENABLE_DEBUG_INFO = NO;
				MTL_FAST_MATH = YES;
				SDKROOT = iphoneos;
				SWIFT_COMPILATION_MODE = wholemodule;
				SWIFT_OPTIMIZATION_LEVEL = "-O";
				VALIDATE_PRODUCT = YES;
			};
			name = Release;
		};
		6460DA5A29AD13F400B59C64 /* Debug */ = {
			isa = XCBuildConfiguration;
			buildSettings = {
				ASSETCATALOG_COMPILER_APPICON_NAME = AppIcon;
				ASSETCATALOG_COMPILER_GLOBAL_ACCENT_COLOR_NAME = AccentColor;
				CODE_SIGN_STYLE = Automatic;
				CURRENT_PROJECT_VERSION = 1;
				DEVELOPMENT_TEAM = 87G7HNZ9T9;
				GENERATE_INFOPLIST_FILE = YES;
				INFOPLIST_FILE = RSUE/Resources/Info.plist;
				INFOPLIST_KEY_UIApplicationSupportsIndirectInputEvents = YES;
				INFOPLIST_KEY_UILaunchStoryboardName = LaunchScreen;
				INFOPLIST_KEY_UISupportedInterfaceOrientations = UIInterfaceOrientationPortrait;
				IPHONEOS_DEPLOYMENT_TARGET = 13.0;
				LD_RUNPATH_SEARCH_PATHS = (
					"$(inherited)",
					"@executable_path/Frameworks",
				);
				MARKETING_VERSION = 1.0;
				PRODUCT_BUNDLE_IDENTIFIER = ru.alpatiev.RSUE;
				PRODUCT_NAME = "$(TARGET_NAME)";
				SWIFT_EMIT_LOC_STRINGS = YES;
				SWIFT_VERSION = 5.0;
				TARGETED_DEVICE_FAMILY = 1;
			};
			name = Debug;
		};
		6460DA5B29AD13F400B59C64 /* Release */ = {
			isa = XCBuildConfiguration;
			buildSettings = {
				ASSETCATALOG_COMPILER_APPICON_NAME = AppIcon;
				ASSETCATALOG_COMPILER_GLOBAL_ACCENT_COLOR_NAME = AccentColor;
				CODE_SIGN_STYLE = Automatic;
				CURRENT_PROJECT_VERSION = 1;
				DEVELOPMENT_TEAM = 87G7HNZ9T9;
				GENERATE_INFOPLIST_FILE = YES;
				INFOPLIST_FILE = RSUE/Resources/Info.plist;
				INFOPLIST_KEY_UIApplicationSupportsIndirectInputEvents = YES;
				INFOPLIST_KEY_UILaunchStoryboardName = LaunchScreen;
				INFOPLIST_KEY_UISupportedInterfaceOrientations = UIInterfaceOrientationPortrait;
				IPHONEOS_DEPLOYMENT_TARGET = 13.0;
				LD_RUNPATH_SEARCH_PATHS = (
					"$(inherited)",
					"@executable_path/Frameworks",
				);
				MARKETING_VERSION = 1.0;
				PRODUCT_BUNDLE_IDENTIFIER = ru.alpatiev.RSUE;
				PRODUCT_NAME = "$(TARGET_NAME)";
				SWIFT_EMIT_LOC_STRINGS = YES;
				SWIFT_VERSION = 5.0;
				TARGETED_DEVICE_FAMILY = 1;
			};
			name = Release;
		};
/* End XCBuildConfiguration section */

/* Begin XCConfigurationList section */
		6460DA4029AD13EA00B59C64 /* Build configuration list for PBXProject "RSUE" */ = {
			isa = XCConfigurationList;
			buildConfigurations = (
				6460DA5729AD13F400B59C64 /* Debug */,
				6460DA5829AD13F400B59C64 /* Release */,
			);
			defaultConfigurationIsVisible = 0;
			defaultConfigurationName = Release;
		};
		6460DA5929AD13F400B59C64 /* Build configuration list for PBXNativeTarget "RSUE" */ = {
			isa = XCConfigurationList;
			buildConfigurations = (
				6460DA5A29AD13F400B59C64 /* Debug */,
				6460DA5B29AD13F400B59C64 /* Release */,
			);
			defaultConfigurationIsVisible = 0;
			defaultConfigurationName = Release;
		};
/* End XCConfigurationList section */

/* Begin XCRemoteSwiftPackageReference section */
		6460DA5C29AD1A5000B59C64 /* XCRemoteSwiftPackageReference "SnapKit" */ = {
			isa = XCRemoteSwiftPackageReference;
			repositoryURL = "https://github.com/SnapKit/SnapKit";
			requirement = {
				kind = upToNextMajorVersion;
				minimumVersion = 5.0.0;
			};
		};
		6460DA5F29AD1AFB00B59C64 /* XCRemoteSwiftPackageReference "Alamofire" */ = {
			isa = XCRemoteSwiftPackageReference;
			repositoryURL = "https://github.com/Alamofire/Alamofire";
			requirement = {
				kind = upToNextMajorVersion;
				minimumVersion = 5.0.0;
			};
		};
		64F6291E29B4DB24002CFAA7 /* XCRemoteSwiftPackageReference "RxSwift" */ = {
			isa = XCRemoteSwiftPackageReference;
			repositoryURL = "https://github.com/ReactiveX/RxSwift";
			requirement = {
				kind = upToNextMajorVersion;
				minimumVersion = 6.0.0;
			};
		};
/* End XCRemoteSwiftPackageReference section */

/* Begin XCSwiftPackageProductDependency section */
		6460DA5D29AD1A5000B59C64 /* SnapKit */ = {
			isa = XCSwiftPackageProductDependency;
			package = 6460DA5C29AD1A5000B59C64 /* XCRemoteSwiftPackageReference "SnapKit" */;
			productName = SnapKit;
		};
		6460DA6029AD1AFB00B59C64 /* Alamofire */ = {
			isa = XCSwiftPackageProductDependency;
			package = 6460DA5F29AD1AFB00B59C64 /* XCRemoteSwiftPackageReference "Alamofire" */;
			productName = Alamofire;
		};
		64F6291F29B4DB24002CFAA7 /* RxCocoa */ = {
			isa = XCSwiftPackageProductDependency;
			package = 64F6291E29B4DB24002CFAA7 /* XCRemoteSwiftPackageReference "RxSwift" */;
			productName = RxCocoa;
		};
		64F6292129B4DB24002CFAA7 /* RxRelay */ = {
			isa = XCSwiftPackageProductDependency;
			package = 64F6291E29B4DB24002CFAA7 /* XCRemoteSwiftPackageReference "RxSwift" */;
			productName = RxRelay;
		};
		64F6292329B4DB24002CFAA7 /* RxSwift */ = {
			isa = XCSwiftPackageProductDependency;
			package = 64F6291E29B4DB24002CFAA7 /* XCRemoteSwiftPackageReference "RxSwift" */;
			productName = RxSwift;
		};
/* End XCSwiftPackageProductDependency section */
	};
	rootObject = 6460DA3D29AD13EA00B59C64 /* Project object */;
}
